{
  "name": "integer-value-positive-one",
  "version": "1.0.3",
  "lockfileVersion": 3,
  "requires": true,
  "packages": {
    "": {
      "name": "integer-value-positive-one",
      "version": "1.0.3",
      "license": "MIT",
      "dependencies": {
        "@andreaspizsa/true": "1.0.1"
      }
    },
    "node_modules/@andreaspizsa/true": {
      "version": "1.0.1",
      "resolved": "https://registry.npmjs.org/@andreaspizsa/true/-/true-1.0.1.tgz",
      "integrity": "sha512-9KavgEw/oqoMxJj6Dp7b8/8IS6NB8o7TkwLNyCKSgfs2PURVBWbevwXG2H0W5B8f3jaT3MbYeuf7tBczrhyS5g==",
      "license": "MIT",
      "engines": {
        "node": ">=8.3"
      }
    }
  }
}
