{
  "name": "integer-value-positive-seven",
  "version": "1.0.1",
  "lockfileVersion": 3,
  "requires": true,
  "packages": {
    "": {
      "name": "integer-value-positive-seven",
      "version": "1.0.1",
      "license": "MIT",
      "dependencies": {
        "se7en": "^1.0.0"
      }
    },
    "node_modules/five": {
      "version": "0.8.0",
      "resolved": "https://registry.npmjs.org/five/-/five-0.8.0.tgz",
      "integrity": "sha512-kx1sT4ZGNZQfOY31NBPJnbPjQ4BLinR9Wu9pmkUYlwx3A9U9QxJGhk2Ro4Fs2Ayn4tptVep/n8vjydKBVUKHYg==",
      "license": "MIT"
    },
    "node_modules/se7en": {
      "version": "1.0.1",
      "resolved": "https://registry.npmjs.org/se7en/-/se7en-1.0.1.tgz",
      "integrity": "sha512-6GrYgWe7+WjhD0JDy1l9Iex+KvEULl2RvxZPOUu79xQ8xP6pYaJZyWQiQspCugnUMtiQFCgyebjt8YVUdwSbCw==",
      "license": "UNLICENSED",
      "dependencies": {
        "five": "0.8.0"
      }
    }
  }
}
