{
  "name": "@positive-numbers/twenty-four",
  "version": "3.0.0",
  "lockfileVersion": 3,
  "requires": true,
  "packages": {
    "": {
      "name": "@positive-numbers/twenty-four",
      "version": "3.0.0",
      "license": "ISC",
      "dependencies": {
        "numbertwentyfour": "^1.0.1"
      }
    },
    "node_modules/add-two-numbers2": {
      "version": "1.0.0",
      "resolved": "https://registry.npmjs.org/add-two-numbers2/-/add-two-numbers2-1.0.0.tgz",
      "integrity": "sha512-9sLESzMOsslRDm2LBjjBXlnd62W5rwLTbb7hkJ0WQTpO870AxOi1RPPhITslHXSwRV//wRwzJE34cH1LaEu2LA==",
      "license": "MIT"
    },
    "node_modules/array-find": {
      "version": "1.0.0",
      "resolved": "https://registry.npmjs.org/array-find/-/array-find-1.0.0.tgz",
      "integrity": "sha512-kO/vVCacW9mnpn3WPWbTVlEnOabK2L7LWi2HViURtCM46y1zb6I8UMjx4LgbiqadTgHnLInUronwn3ampNTJtQ==",
      "license": "MIT"
    },
    "node_modules/indexof": {
      "version": "0.0.1",
      "resolved": "https://registry.npmjs.org/indexof/-/indexof-0.0.1.tgz",
      "integrity": "sha512-i0G7hLJ1z0DE8dsqJa2rycj9dBmNKgXBvotXtZYXakU9oivfB9Uj2ZBC27qqef2U58/ZLwalxa1X/RDCdkHtVg=="
    },
    "node_modules/numbertwentyfour": {
      "version": "1.0.1",
      "resolved": "https://registry.npmjs.org/numbertwentyfour/-/numbertwentyfour-1.0.1.tgz",
      "integrity": "sha512-EBrQWMA5kmWuzpH/NfFWm0a70zgyP+GnU4GlYnF6fFimmboZr1h7DXLM1WsT0MynNGoWVCYVtHvY8gMvHsYb4g==",
      "license": "MIT",
      "dependencies": {
        "add-two-numbers2": "^1.0.0",
        "array-find": "^1.0.0",
        "indexof": "^0.0.1",
        "returndotjs": "^1.0.0",
        "the-number-one": "^1.0.1",
        "true": "^0.0.4",
        "twenty-four": "^25.0.0"
      }
    },
    "node_modules/returndotjs": {
      "version": "1.0.0",
      "resolved": "https://registry.npmjs.org/returndotjs/-/returndotjs-1.0.0.tgz",
      "integrity": "sha512-GrLfbcXwqBaP/ilnxsOy55CgvjYtdqdX9l/WAUwtMb0iS0YAX05xK6w4prPiNMmI8fpf2I+z4DLth5BMeBCWgA==",
      "license": "MIT"
    },
    "node_modules/the-number-one": {
      "version": "1.0.1",
      "resolved": "https://registry.npmjs.org/the-number-one/-/the-number-one-1.0.1.tgz",
      "integrity": "sha512-gDOR0DbPQLlQGZ08didxsZ9iT42qGdex1MAToDdETOksmVDU/eoORx7ov7kgRKBYvocoRmebySuZZQTfoZ7+XA==",
      "license": "MIT"
    },
    "node_modules/true": {
      "version": "0.0.4",
      "resolved": "https://registry.npmjs.org/true/-/true-0.0.4.tgz",
      "integrity": "sha512-e7hkFCda5y51OTE4eQHVPFbuljGnOpzrVcigGM5Pd9+Bw1bEsHCq3mVIm/z/O5Mh1bXtVPNxUV8oCl/dMunlRg==",
      "license": "Apache-2.0",
      "bin": {
        "true": "bin/cli.js"
      }
    },
    "node_modules/twenty-four": {
      "version": "25.0.0",
      "resolved": "https://registry.npmjs.org/twenty-four/-/twenty-four-25.0.0.tgz",
      "integrity": "sha512-jXDBZRekJrXvebPMfDGl0jyL4ocHwuPN8MkuMKYgXE22ZC6hUo8QXBEXnl+TYd6pGdLSD9dWYejEHKzSgsgRaA==",
      "license": "MIT"
    }
  }
}
