{
  "name": "always-21",
  "version": "1.0.0",
  "lockfileVersion": 3,
  "requires": true,
  "packages": {
    "": {
      "name": "always-21",
      "version": "1.0.0",
      "license": "ISC",
      "dependencies": {
        "@lowercase-letters/e": "3.0.0",
        "@lowercase-letters/i": "3.0.0",
        "@lowercase-letters/l": "3.0.0",
        "@lowercase-letters/n": "3.0.0",
        "@lowercase-letters/o": "3.0.0",
        "@lowercase-letters/s": "3.0.0",
        "@lowercase-letters/t": "3.0.0",
        "@lowercase-letters/v": "3.0.0",
        "@lowercase-letters/w": "3.0.0",
        "@lowercase-letters/x": "3.0.0",
        "@lowercase-letters/y": "3.0.0",
        "@rightpad/concat": "1.0.0",
        "async.util.identity": "0.5.2"
      }
    },
    "node_modules/@lowercase-letters/e": {
      "version": "3.0.0",
      "resolved": "https://registry.npmjs.org/@lowercase-letters/e/-/e-3.0.0.tgz",
      "integrity": "sha512-9W/mf7xFFYDqi7Ma3iq38AN1G4vfRSJjDu0NPlvaNhbQZx/RO1I1RN+IKwOKpInG8YUChzuDaRLPv6l5GyMZdA==",
      "license": "MIT",
      "dependencies": {
        "get-intrinsic": "^1.3.1"
      }
    },
    "node_modules/@lowercase-letters/i": {
      "version": "3.0.0",
      "resolved": "https://registry.npmjs.org/@lowercase-letters/i/-/i-3.0.0.tgz",
      "integrity": "sha512-BXz7v8zqRiTudE39jK9nqpk4+bGcC6KVxFBK4CBbT/CACeCa9N+YC3QZ2pTdzJSqQjSNqOi2boyXJnympidGWw==",
      "license": "MIT",
      "dependencies": {
        "letter-i": "^1.0.0"
      }
    },
    "node_modules/@lowercase-letters/l": {
      "version": "3.0.0",
      "resolved": "https://registry.npmjs.org/@lowercase-letters/l/-/l-3.0.0.tgz",
      "integrity": "sha512-LoGb+zAMkg6h60nxca5PYMJGZYn8aBgvYgLAGx5TXqQxIypGPSX87h2wN8VDoXJ+5NqeSmmqw7bfXCgMLcLv6g==",
      "license": "MIT",
      "dependencies": {
        "get-intrinsic": "^1.3.1"
      }
    },
    "node_modules/@lowercase-letters/n": {
      "version": "3.0.0",
      "resolved": "https://registry.npmjs.org/@lowercase-letters/n/-/n-3.0.0.tgz",
      "integrity": "sha512-4QEYXIN860jSkrucVe7kNPOHAiq44nkJ9bl7JfLYhVuKmZlURb/IreHWHyHRHv9XyPTF8uiA5x35AllYN2weXg==",
      "license": "MIT",
      "dependencies": {
        "get-intrinsic": "^1.3.1"
      }
    },
    "node_modules/@lowercase-letters/o": {
      "version": "3.0.0",
      "resolved": "https://registry.npmjs.org/@lowercase-letters/o/-/o-3.0.0.tgz",
      "integrity": "sha512-NPMptp8xhA4k+REQy+WSXbQ7vif3s9cqlayVABRgpSw5n0ozGqcbvsBycCouv5WE1iyplaq6v52Sz9copsc9Aw==",
      "license": "MIT",
      "dependencies": {
        "get-intrinsic": "^1.3.1"
      }
    },
    "node_modules/@lowercase-letters/s": {
      "version": "3.0.0",
      "resolved": "https://registry.npmjs.org/@lowercase-letters/s/-/s-3.0.0.tgz",
      "integrity": "sha512-K4X7PxO6XLBMtP+Or4kaVxLLxHwbKy7QT4p49BH/mhR6RWYAaWvALVO/7S89FFd+BoMP0SvfaUTVWB9/E2NwRQ==",
      "license": "MIT",
      "dependencies": {
        "get-intrinsic": "^1.3.1"
      }
    },
    "node_modules/@lowercase-letters/t": {
      "version": "3.0.0",
      "resolved": "https://registry.npmjs.org/@lowercase-letters/t/-/t-3.0.0.tgz",
      "integrity": "sha512-sVzQaZEfOUBCJiTPDnCbXavjwncTQn3vlfq/6r202ytMniVVH9vBebffj21DCC24XXwS2DwD1uorv015BcJUqw==",
      "license": "MIT",
      "dependencies": {
        "get-intrinsic": "^1.3.1"
      }
    },
    "node_modules/@lowercase-letters/v": {
      "version": "3.0.0",
      "resolved": "https://registry.npmjs.org/@lowercase-letters/v/-/v-3.0.0.tgz",
      "integrity": "sha512-Xcz+S9OkixBtIm36Dnsm+lFqox14PqFTU46ZhulvrBqz3vsJqa86AJlgzbNFt3FWZWH41TGxda4/+zlzPcqWvA==",
      "license": "MIT",
      "dependencies": {
        "get-intrinsic": "^1.3.1"
      }
    },
    "node_modules/@lowercase-letters/w": {
      "version": "3.0.0",
      "resolved": "https://registry.npmjs.org/@lowercase-letters/w/-/w-3.0.0.tgz",
      "integrity": "sha512-JW5SyPNo/XjK/CI7BfvhbU10A/DU5fU4V+8eF6i8WQFpRWJfpLQfHxL8WFqugBupho0CZM6wxy8/vBksZiLBGA==",
      "license": "MIT",
      "dependencies": {
        "get-intrinsic": "^1.3.1"
      }
    },
    "node_modules/@lowercase-letters/x": {
      "version": "3.0.0",
      "resolved": "https://registry.npmjs.org/@lowercase-letters/x/-/x-3.0.0.tgz",
      "integrity": "sha512-tfGpIvaIeSJNVu5JdehZqDYRaUlCrif4GiPDcyTHR3NoVdca+N63iFeBWj3Eo3DATKYgf6xhshDDBT5iKfQvGQ==",
      "license": "MIT",
      "dependencies": {
        "get-intrinsic": "^1.3.1"
      }
    },
    "node_modules/@lowercase-letters/y": {
      "version": "3.0.0",
      "resolved": "https://registry.npmjs.org/@lowercase-letters/y/-/y-3.0.0.tgz",
      "integrity": "sha512-rRl0p4rm9Atm4Pr5QDcSQS11NnZK+46s6RDwEx3Ij46ULSRSrM7w8WJbFhCbGH+0vcHN70ud6PJya35gKTS6iQ==",
      "license": "MIT",
      "dependencies": {
        "get-intrinsic": "^1.3.1"
      }
    },
    "node_modules/@rightpad/concat": {
      "version": "1.0.0",
      "resolved": "https://registry.npmjs.org/@rightpad/concat/-/concat-1.0.0.tgz",
      "integrity": "sha512-3Ocu5YJWOFLIQLRBCc2V6AVaGKssc2YEBgKPY+7bgaLgMsgYfmdiVILNJrDZNy8R2nkhvYrrYVZChYP4WIZyNg==",
      "license": "Unlicense",
      "dependencies": {
        "call-bound": "^1.0.4",
        "get-intrinsic": "^1.3.1"
      }
    },
    "node_modules/async-function": {
      "version": "1.0.0",
      "resolved": "https://registry.npmjs.org/async-function/-/async-function-1.0.0.tgz",
      "integrity": "sha512-hsU18Ae8CDTR6Kgu9DYf0EbCr/a5iGL0rytQDobUcdpYOKokk8LEjVphnXkDkgpi0wYVsqrXuP0bZxJaTqdgoA==",
      "license": "MIT",
      "engines": {
        "node": ">= 0.4"
      }
    },
    "node_modules/async-generator-function": {
      "version": "1.0.0",
      "resolved": "https://registry.npmjs.org/async-generator-function/-/async-generator-function-1.0.0.tgz",
      "integrity": "sha512-+NAXNqgCrB95ya4Sr66i1CL2hqLVckAk7xwRYWdcm39/ELQ6YNn1aw5r0bdQtqNZgQpEWzc5yc/igXc7aL5SLA==",
      "license": "MIT",
      "engines": {
        "node": ">= 0.4"
      }
    },
    "node_modules/async.util.identity": {
      "version": "0.5.2",
      "resolved": "https://registry.npmjs.org/async.util.identity/-/async.util.identity-0.5.2.tgz",
      "integrity": "sha512-eDhniu0RUZtP2XdW3BhueODXjBYeLgnfOzZzHYIQfNQHRuZhNqspaqomZHvvZquhUJ5YdJrIZ/CDGV3sToeJLw==",
      "license": "MIT"
    },
    "node_modules/call-bind-apply-helpers": {
      "version": "1.0.2",
      "resolved": "https://registry.npmjs.org/call-bind-apply-helpers/-/call-bind-apply-helpers-1.0.2.tgz",
      "integrity": "sha512-Sp1ablJ0ivDkSzjcaJdxEunN5/XvksFJ2sMBFfq6x0ryhQV/2b/KwFe21cMpmHtPOSij8K99/wSfoEuTObmuMQ==",
      "license": "MIT",
      "dependencies": {
        "es-errors": "^1.3.0",
        "function-bind": "^1.1.2"
      },
      "engines": {
        "node": ">= 0.4"
      }
    },
    "node_modules/call-bound": {
      "version": "1.0.4",
      "resolved": "https://registry.npmjs.org/call-bound/-/call-bound-1.0.4.tgz",
      "integrity": "sha512-+ys997U96po4Kx/ABpBCqhA9EuxJaQWDQg7295H4hBphv3IZg0boBKuwYpt4YXp6MZ5AmZQnU/tyMTlRpaSejg==",
      "license": "MIT",
      "dependencies": {
        "call-bind-apply-helpers": "^1.0.2",
        "get-intrinsic": "^1.3.0"
      },
      "engines": {
        "node": ">= 0.4"
      },
      "funding": {
        "url": "https://github.com/sponsors/ljharb"
      }
    },
    "node_modules/dunder-proto": {
      "version": "1.0.1",
      "resolved": "https://registry.npmjs.org/dunder-proto/-/dunder-proto-1.0.1.tgz",
      "integrity": "sha512-KIN/nDJBQRcXw0MLVhZE9iQHmG68qAVIBg9CqmUYjmQIhgij9U5MFvrqkUL5FbtyyzZuOeOt0zdeRe4UY7ct+A==",
      "license": "MIT",
      "dependencies": {
        "call-bind-apply-helpers": "^1.0.1",
        "es-errors": "^1.3.0",
        "gopd": "^1.2.0"
      },
      "engines": {
        "node": ">= 0.4"
      }
    },
    "node_modules/es-define-property": {
      "version": "1.0.1",
      "resolved": "https://registry.npmjs.org/es-define-property/-/es-define-property-1.0.1.tgz",
      "integrity": "sha512-e3nRfgfUZ4rNGL232gUgX06QNyyez04KdjFrF+LTRoOXmrOgFKDg4BCdsjW8EnT69eqdYGmRpJwiPVYNrCaW3g==",
      "license": "MIT",
      "engines": {
        "node": ">= 0.4"
      }
    },
    "node_modules/es-errors": {
      "version": "1.3.0",
      "resolved": "https://registry.npmjs.org/es-errors/-/es-errors-1.3.0.tgz",
      "integrity": "sha512-Zf5H2Kxt2xjTvbJvP2ZWLEICxA6j+hAmMzIlypy4xcBg1vKVnx89Wy0GbS+kf5cwCVFFzdCFh2XSCFNULS6csw==",
      "license": "MIT",
      "engines": {
        "node": ">= 0.4"
      }
    },
    "node_modules/es-object-atoms": {
      "version": "1.1.1",
      "resolved": "https://registry.npmjs.org/es-object-atoms/-/es-object-atoms-1.1.1.tgz",
      "integrity": "sha512-FGgH2h8zKNim9ljj7dankFPcICIK9Cp5bm+c2gQSYePhpaG5+esrLODihIorn+Pe6FGJzWhXQotPv73jTaldXA==",
      "license": "MIT",
      "dependencies": {
        "es-errors": "^1.3.0"
      },
      "engines": {
        "node": ">= 0.4"
      }
    },
    "node_modules/function-bind": {
      "version": "1.1.2",
      "resolved": "https://registry.npmjs.org/function-bind/-/function-bind-1.1.2.tgz",
      "integrity": "sha512-7XHNxH7qX9xG5mIwxkhumTox/MIRNcOgDrxWsMt2pAr23WHp6MrRlN7FBSFpCpr+oVO0F744iUgR82nJMfG2SA==",
      "license": "MIT",
      "funding": {
        "url": "https://github.com/sponsors/ljharb"
      }
    },
    "node_modules/generator-function": {
      "version": "2.0.1",
      "resolved": "https://registry.npmjs.org/generator-function/-/generator-function-2.0.1.tgz",
      "integrity": "sha512-SFdFmIJi+ybC0vjlHN0ZGVGHc3lgE0DxPAT0djjVg+kjOnSqclqmj0KQ7ykTOLP6YxoqOvuAODGdcHJn+43q3g==",
      "license": "MIT",
      "engines": {
        "node": ">= 0.4"
      }
    },
    "node_modules/get-intrinsic": {
      "version": "1.3.1",
      "resolved": "https://registry.npmjs.org/get-intrinsic/-/get-intrinsic-1.3.1.tgz",
      "integrity": "sha512-fk1ZVEeOX9hVZ6QzoBNEC55+Ucqg4sTVwrVuigZhuRPESVFpMyXnd3sbXvPOwp7Y9riVyANiqhEuRF0G1aVSeQ==",
      "license": "MIT",
      "dependencies": {
        "async-function": "^1.0.0",
        "async-generator-function": "^1.0.0",
        "call-bind-apply-helpers": "^1.0.2",
        "es-define-property": "^1.0.1",
        "es-errors": "^1.3.0",
        "es-object-atoms": "^1.1.1",
        "function-bind": "^1.1.2",
        "generator-function": "^2.0.0",
        "get-proto": "^1.0.1",
        "gopd": "^1.2.0",
        "has-symbols": "^1.1.0",
        "hasown": "^2.0.2",
        "math-intrinsics": "^1.1.0"
      },
      "engines": {
        "node": ">= 0.4"
      },
      "funding": {
        "url": "https://github.com/sponsors/ljharb"
      }
    },
    "node_modules/get-proto": {
      "version": "1.0.1",
      "resolved": "https://registry.npmjs.org/get-proto/-/get-proto-1.0.1.tgz",
      "integrity": "sha512-sTSfBjoXBp89JvIKIefqw7U2CCebsc74kiY6awiGogKtoSGbgjYE/G/+l9sF3MWFPNc9IcoOC4ODfKHfxFmp0g==",
      "license": "MIT",
      "dependencies": {
        "dunder-proto": "^1.0.1",
        "es-object-atoms": "^1.0.0"
      },
      "engines": {
        "node": ">= 0.4"
      }
    },
    "node_modules/gopd": {
      "version": "1.2.0",
      "resolved": "https://registry.npmjs.org/gopd/-/gopd-1.2.0.tgz",
      "integrity": "sha512-ZUKRh6/kUFoAiTAtTYPZJ3hw9wNxx+BIBOijnlG9PnrJsCcSjs1wyyD6vJpaYtgnzDrKYRSqf3OO6Rfa93xsRg==",
      "license": "MIT",
      "engines": {
        "node": ">= 0.4"
      },
      "funding": {
        "url": "https://github.com/sponsors/ljharb"
      }
    },
    "node_modules/has-symbols": {
      "version": "1.1.0",
      "resolved": "https://registry.npmjs.org/has-symbols/-/has-symbols-1.1.0.tgz",
      "integrity": "sha512-1cDNdwJ2Jaohmb3sg4OmKaMBwuC48sYni5HUw2DvsC8LjGTLK9h+eb1X6RyuOHe4hT0ULCW68iomhjUoKUqlPQ==",
      "license": "MIT",
      "engines": {
        "node": ">= 0.4"
      },
      "funding": {
        "url": "https://github.com/sponsors/ljharb"
      }
    },
    "node_modules/hasown": {
      "version": "2.0.2",
      "resolved": "https://registry.npmjs.org/hasown/-/hasown-2.0.2.tgz",
      "integrity": "sha512-0hJU9SCPvmMzIBdZFqNPXWa6dqh7WdH0cII9y+CyS8rG3nL48Bclra9HmKhVVUHyPWNH5Y7xDwAB7bfgSjkUMQ==",
      "license": "MIT",
      "dependencies": {
        "function-bind": "^1.1.2"
      },
      "engines": {
        "node": ">= 0.4"
      }
    },
    "node_modules/letter-i": {
      "version": "1.0.0",
      "resolved": "https://registry.npmjs.org/letter-i/-/letter-i-1.0.0.tgz",
      "integrity": "sha512-Pe1h/yL5NlBGTPko/ONVMsmxdKLasMzPIOoCRmwKojPRa2CNEPQ1NCu0vMj4ydLtG9GLKDMRdobOyhQRf4uzgA==",
      "license": "ISC"
    },
    "node_modules/math-intrinsics": {
      "version": "1.1.0",
      "resolved": "https://registry.npmjs.org/math-intrinsics/-/math-intrinsics-1.1.0.tgz",
      "integrity": "sha512-/IXtbwEk5HTPyEwyKX6hGkYXxM9nbj64B+ilVJnC/R6B0pH5G4V3b0pVbL7DBj4tkhBAppbQUlf6F6Xl9LHu1g==",
      "license": "MIT",
      "engines": {
        "node": ">= 0.4"
      }
    }
  }
}
